{
  "name": "@sitation/magento2-hyva-icons-lucide",
  "version": "1.0.0",
  "lockfileVersion": 2,
  "requires": true,
  "packages": {
    "": {
      "name": "@sitation/magento2-hyva-icons-lucide",
      "version": "1.0.0",
      "license": "MIT",
      "devDependencies": {
        "lucide-static": "^0.95.0"
      }
    },
    "node_modules/lucide-static": {
      "version": "0.95.0",
      "resolved": "https://registry.npmjs.org/lucide-static/-/lucide-static-0.95.0.tgz",
      "integrity": "sha512-q04qOBGaNILeacZ0ni9L13Qdp/sG1IgC8Bt6IaUnGIvUeHByUS5S/LooNodOLQa7GAfqNXaX1dXJMBtuItMXFA==",
      "dev": true
    }
  },
  "dependencies": {
    "lucide-static": {
      "version": "0.95.0",
      "resolved": "https://registry.npmjs.org/lucide-static/-/lucide-static-0.95.0.tgz",
      "integrity": "sha512-q04qOBGaNILeacZ0ni9L13Qdp/sG1IgC8Bt6IaUnGIvUeHByUS5S/LooNodOLQa7GAfqNXaX1dXJMBtuItMXFA==",
      "dev": true
    }
  }
}
