{
  "name": "@sitation/magento2-hyva-icons-lucide",
  "version": "1.0.0",
  "lockfileVersion": 2,
  "requires": true,
  "packages": {
    "": {
      "name": "@sitation/magento2-hyva-icons-lucide",
      "version": "1.0.0",
      "license": "MIT",
      "devDependencies": {
        "lucide-static": "^0.364.0"
      }
    },
    "node_modules/lucide-static": {
      "version": "0.364.0",
      "resolved": "https://registry.npmjs.org/lucide-static/-/lucide-static-0.364.0.tgz",
      "integrity": "sha512-HM3t25ju7E55q8cx9d6DzxrJUCOyADifnVe/f9nWcDmRbuIZ1kumTOL9aBOpOUzay6gSOHd0DqqJDNf2lXFjvg==",
      "dev": true
    }
  },
  "dependencies": {
    "lucide-static": {
      "version": "0.364.0",
      "resolved": "https://registry.npmjs.org/lucide-static/-/lucide-static-0.364.0.tgz",
      "integrity": "sha512-HM3t25ju7E55q8cx9d6DzxrJUCOyADifnVe/f9nWcDmRbuIZ1kumTOL9aBOpOUzay6gSOHd0DqqJDNf2lXFjvg==",
      "dev": true
    }
  }
}
