{
  "name": "@sitation/magento2-hyva-icons-lucide",
  "version": "1.0.0",
  "lockfileVersion": 2,
  "requires": true,
  "packages": {
    "": {
      "name": "@sitation/magento2-hyva-icons-lucide",
      "version": "1.0.0",
      "license": "MIT",
      "devDependencies": {
        "lucide-static": "^0.61.0"
      }
    },
    "node_modules/lucide-static": {
      "version": "0.61.0",
      "resolved": "https://registry.npmjs.org/lucide-static/-/lucide-static-0.61.0.tgz",
      "integrity": "sha512-rMtKOqLGKEMtssevhTaeXa3gmCGjYi1mM+10nAwf9Whgrvr74yRBDXm+peBMMkZI1FSExuJZqSQzr53ATsW5nA==",
      "dev": true
    }
  },
  "dependencies": {
    "lucide-static": {
      "version": "0.61.0",
      "resolved": "https://registry.npmjs.org/lucide-static/-/lucide-static-0.61.0.tgz",
      "integrity": "sha512-rMtKOqLGKEMtssevhTaeXa3gmCGjYi1mM+10nAwf9Whgrvr74yRBDXm+peBMMkZI1FSExuJZqSQzr53ATsW5nA==",
      "dev": true
    }
  }
}
